// !$*UTF8*$!
{
	archiveVersion = 1;
	classes = {
	};
	objectVersion = 55;
	objects = {

/* Begin PBXBuildFile section */
		61BEF22B28216FCE0085E6AA /* CategoryMonthStatTableViewCell.swift in Sources */ = {isa = PBXBuildFile; fileRef = 61BEF22928216FCE0085E6AA /* CategoryMonthStatTableViewCell.swift */; };
		61BEF22C28216FCE0085E6AA /* CategoryMonthStatTableViewCell.xib in Resources */ = {isa = PBXBuildFile; fileRef = 61BEF22A28216FCE0085E6AA /* CategoryMonthStatTableViewCell.xib */; };
		61F9707B281FDBDB00DE3FA9 /* AppDelegate.swift in Sources */ = {isa = PBXBuildFile; fileRef = 61F9707A281FDBDB00DE3FA9 /* AppDelegate.swift */; };
		61F9707D281FDBDB00DE3FA9 /* SceneDelegate.swift in Sources */ = {isa = PBXBuildFile; fileRef = 61F9707C281FDBDB00DE3FA9 /* SceneDelegate.swift */; };
		61F9707F281FDBDB00DE3FA9 /* ViewController.swift in Sources */ = {isa = PBXBuildFile; fileRef = 61F9707E281FDBDB00DE3FA9 /* ViewController.swift */; };
		61F97082281FDBDC00DE3FA9 /* Main.storyboard in Resources */ = {isa = PBXBuildFile; fileRef = 61F97080281FDBDC00DE3FA9 /* Main.storyboard */; };
		61F97084281FDBDD00DE3FA9 /* Assets.xcassets in Resources */ = {isa = PBXBuildFile; fileRef = 61F97083281FDBDD00DE3FA9 /* Assets.xcassets */; };
		61F97087281FDBDD00DE3FA9 /* LaunchScreen.storyboard in Resources */ = {isa = PBXBuildFile; fileRef = 61F97085281FDBDD00DE3FA9 /* LaunchScreen.storyboard */; };
		61F970BB281FDD2300DE3FA9 /* PersistenceManager.swift in Sources */ = {isa = PBXBuildFile; fileRef = 61F9708E281FDD2200DE3FA9 /* PersistenceManager.swift */; };
		61F970BC281FDD2300DE3FA9 /* AccountTableViewCell.xib in Resources */ = {isa = PBXBuildFile; fileRef = 61F9708F281FDD2200DE3FA9 /* AccountTableViewCell.xib */; };
		61F970BD281FDD2300DE3FA9 /* CategoryEditorViewController.xib in Resources */ = {isa = PBXBuildFile; fileRef = 61F97090281FDD2200DE3FA9 /* CategoryEditorViewController.xib */; };
		61F970BE281FDD2300DE3FA9 /* MoneyAccountObject.swift in Sources */ = {isa = PBXBuildFile; fileRef = 61F97091281FDD2200DE3FA9 /* MoneyAccountObject.swift */; };
		61F970BF281FDD2300DE3FA9 /* CategoriesViewController.swift in Sources */ = {isa = PBXBuildFile; fileRef = 61F97092281FDD2200DE3FA9 /* CategoriesViewController.swift */; };
		61F970C0281FDD2300DE3FA9 /* MoneyAccountsCoordinator.swift in Sources */ = {isa = PBXBuildFile; fileRef = 61F97093281FDD2200DE3FA9 /* MoneyAccountsCoordinator.swift */; };
		61F970C1281FDD2300DE3FA9 /* SortedByCategoryDataSource.swift in Sources */ = {isa = PBXBuildFile; fileRef = 61F97094281FDD2200DE3FA9 /* SortedByCategoryDataSource.swift */; };
		61F970C2281FDD2300DE3FA9 /* CategoryTableViewCell.xib in Resources */ = {isa = PBXBuildFile; fileRef = 61F97095281FDD2200DE3FA9 /* CategoryTableViewCell.xib */; };
		61F970C3281FDD2300DE3FA9 /* OperationObject.swift in Sources */ = {isa = PBXBuildFile; fileRef = 61F97096281FDD2200DE3FA9 /* OperationObject.swift */; };
		61F970C4281FDD2300DE3FA9 /* ContentSizedTableView.swift in Sources */ = {isa = PBXBuildFile; fileRef = 61F97097281FDD2200DE3FA9 /* ContentSizedTableView.swift */; };
		61F970C5281FDD2300DE3FA9 /* MoneyAccountSelectionViewController.swift in Sources */ = {isa = PBXBuildFile; fileRef = 61F97098281FDD2200DE3FA9 /* MoneyAccountSelectionViewController.swift */; };
		61F970C6281FDD2300DE3FA9 /* OperationTableViewCell.swift in Sources */ = {isa = PBXBuildFile; fileRef = 61F97099281FDD2200DE3FA9 /* OperationTableViewCell.swift */; };
		61F970C8281FDD2300DE3FA9 /* CategoryTableViewCell.swift in Sources */ = {isa = PBXBuildFile; fileRef = 61F9709B281FDD2200DE3FA9 /* CategoryTableViewCell.swift */; };
		61F970CA281FDD2300DE3FA9 /* SortedByDateDataSource.swift in Sources */ = {isa = PBXBuildFile; fileRef = 61F9709D281FDD2200DE3FA9 /* SortedByDateDataSource.swift */; };
		61F970CB281FDD2300DE3FA9 /* MainTableViewCoordinator.swift in Sources */ = {isa = PBXBuildFile; fileRef = 61F9709E281FDD2200DE3FA9 /* MainTableViewCoordinator.swift */; };
		61F970CD281FDD2300DE3FA9 /* CategoryObject.swift in Sources */ = {isa = PBXBuildFile; fileRef = 61F970A0281FDD2200DE3FA9 /* CategoryObject.swift */; };
		61F970CE281FDD2300DE3FA9 /* MoneyOperationsCoordinator.swift in Sources */ = {isa = PBXBuildFile; fileRef = 61F970A1281FDD2200DE3FA9 /* MoneyOperationsCoordinator.swift */; };
		61F970CF281FDD2300DE3FA9 /* AccountEditorViewController.swift in Sources */ = {isa = PBXBuildFile; fileRef = 61F970A2281FDD2200DE3FA9 /* AccountEditorViewController.swift */; };
		61F970D1281FDD2300DE3FA9 /* Extensions.swift in Sources */ = {isa = PBXBuildFile; fileRef = 61F970A4281FDD2300DE3FA9 /* Extensions.swift */; };
		61F970D3281FDD2300DE3FA9 /* CategoriesViewController.xib in Resources */ = {isa = PBXBuildFile; fileRef = 61F970A6281FDD2300DE3FA9 /* CategoriesViewController.xib */; };
		61F970D5281FDD2300DE3FA9 /* MainOperationsViewController.swift in Sources */ = {isa = PBXBuildFile; fileRef = 61F970A8281FDD2300DE3FA9 /* MainOperationsViewController.swift */; };
		61F970D6281FDD2300DE3FA9 /* OperationEditorViewController.xib in Resources */ = {isa = PBXBuildFile; fileRef = 61F970A9281FDD2300DE3FA9 /* OperationEditorViewController.xib */; };
		61F970D7281FDD2300DE3FA9 /* CategoryImageCollectionViewCell.swift in Sources */ = {isa = PBXBuildFile; fileRef = 61F970AA281FDD2300DE3FA9 /* CategoryImageCollectionViewCell.swift */; };
		61F970D8281FDD2300DE3FA9 /* AccountTableViewCell.swift in Sources */ = {isa = PBXBuildFile; fileRef = 61F970AB281FDD2300DE3FA9 /* AccountTableViewCell.swift */; };
		61F970D9281FDD2300DE3FA9 /* PaymentType.swift in Sources */ = {isa = PBXBuildFile; fileRef = 61F970AC281FDD2300DE3FA9 /* PaymentType.swift */; };
		61F970DA281FDD2300DE3FA9 /* OperationEditorViewController.swift in Sources */ = {isa = PBXBuildFile; fileRef = 61F970AD281FDD2300DE3FA9 /* OperationEditorViewController.swift */; };
		61F970DB281FDD2300DE3FA9 /* MoneyAccountSelectionViewController.xib in Resources */ = {isa = PBXBuildFile; fileRef = 61F970AE281FDD2300DE3FA9 /* MoneyAccountSelectionViewController.xib */; };
		61F970DD281FDD2300DE3FA9 /* CategoriesTableViewDataSource.swift in Sources */ = {isa = PBXBuildFile; fileRef = 61F970B0281FDD2300DE3FA9 /* CategoriesTableViewDataSource.swift */; };
		61F970DE281FDD2300DE3FA9 /* CategoryEditorViewController.swift in Sources */ = {isa = PBXBuildFile; fileRef = 61F970B1281FDD2300DE3FA9 /* CategoryEditorViewController.swift */; };
		61F970E1281FDD2300DE3FA9 /* AccountEditorViewController.xib in Resources */ = {isa = PBXBuildFile; fileRef = 61F970B4281FDD2300DE3FA9 /* AccountEditorViewController.xib */; };
		61F970E2281FDD2300DE3FA9 /* OperationTableViewCell.xib in Resources */ = {isa = PBXBuildFile; fileRef = 61F970B5281FDD2300DE3FA9 /* OperationTableViewCell.xib */; };
		61F970E4281FDD2300DE3FA9 /* CategoryImageCollectionViewCell.xib in Resources */ = {isa = PBXBuildFile; fileRef = 61F970B7281FDD2300DE3FA9 /* CategoryImageCollectionViewCell.xib */; };
		61F970E5281FDD2300DE3FA9 /* RootViewController.swift in Sources */ = {isa = PBXBuildFile; fileRef = 61F970B8281FDD2300DE3FA9 /* RootViewController.swift */; };
		61F970E6281FDD2300DE3FA9 /* MainOperationsViewController.xib in Resources */ = {isa = PBXBuildFile; fileRef = 61F970B9281FDD2300DE3FA9 /* MainOperationsViewController.xib */; };
		61F970ED282021BB00DE3FA9 /* Description.swift in Sources */ = {isa = PBXBuildFile; fileRef = 61F970EC282021BB00DE3FA9 /* Description.swift */; };
		C0EC84970FEE6EBC7727B9F9 /* Pods_WheresMyMoney.framework in Frameworks */ = {isa = PBXBuildFile; fileRef = 2C996287D0BD568FD2246A26 /* Pods_WheresMyMoney.framework */; };
/* End PBXBuildFile section */

/* Begin PBXFileReference section */
		2C996287D0BD568FD2246A26 /* Pods_WheresMyMoney.framework */ = {isa = PBXFileReference; explicitFileType = wrapper.framework; includeInIndex = 0; path = Pods_WheresMyMoney.framework; sourceTree = BUILT_PRODUCTS_DIR; };
		366B54B3C2814A07813C6C58 /* Pods-WheresMyMoney.debug.xcconfig */ = {isa = PBXFileReference; includeInIndex = 1; lastKnownFileType = text.xcconfig; name = "Pods-WheresMyMoney.debug.xcconfig"; path = "Target Support Files/Pods-WheresMyMoney/Pods-WheresMyMoney.debug.xcconfig"; sourceTree = "<group>"; };
		61BEF22928216FCE0085E6AA /* CategoryMonthStatTableViewCell.swift */ = {isa = PBXFileReference; lastKnownFileType = sourcecode.swift; path = CategoryMonthStatTableViewCell.swift; sourceTree = "<group>"; };
		61BEF22A28216FCE0085E6AA /* CategoryMonthStatTableViewCell.xib */ = {isa = PBXFileReference; lastKnownFileType = file.xib; path = CategoryMonthStatTableViewCell.xib; sourceTree = "<group>"; };
		61F97077281FDBDB00DE3FA9 /* WheresMyMoney.app */ = {isa = PBXFileReference; explicitFileType = wrapper.application; includeInIndex = 0; path = WheresMyMoney.app; sourceTree = BUILT_PRODUCTS_DIR; };
		61F9707A281FDBDB00DE3FA9 /* AppDelegate.swift */ = {isa = PBXFileReference; lastKnownFileType = sourcecode.swift; path = AppDelegate.swift; sourceTree = "<group>"; };
		61F9707C281FDBDB00DE3FA9 /* SceneDelegate.swift */ = {isa = PBXFileReference; lastKnownFileType = sourcecode.swift; path = SceneDelegate.swift; sourceTree = "<group>"; };
		61F9707E281FDBDB00DE3FA9 /* ViewController.swift */ = {isa = PBXFileReference; lastKnownFileType = sourcecode.swift; path = ViewController.swift; sourceTree = "<group>"; };
		61F97081281FDBDC00DE3FA9 /* Base */ = {isa = PBXFileReference; lastKnownFileType = file.storyboard; name = Base; path = Base.lproj/Main.storyboard; sourceTree = "<group>"; };
		61F97083281FDBDD00DE3FA9 /* Assets.xcassets */ = {isa = PBXFileReference; lastKnownFileType = folder.assetcatalog; path = Assets.xcassets; sourceTree = "<group>"; };
		61F97086281FDBDD00DE3FA9 /* Base */ = {isa = PBXFileReference; lastKnownFileType = file.storyboard; name = Base; path = Base.lproj/LaunchScreen.storyboard; sourceTree = "<group>"; };
		61F97088281FDBDD00DE3FA9 /* Info.plist */ = {isa = PBXFileReference; lastKnownFileType = text.plist.xml; path = Info.plist; sourceTree = "<group>"; };
		61F9708E281FDD2200DE3FA9 /* PersistenceManager.swift */ = {isa = PBXFileReference; fileEncoding = 4; lastKnownFileType = sourcecode.swift; path = PersistenceManager.swift; sourceTree = "<group>"; };
		61F9708F281FDD2200DE3FA9 /* AccountTableViewCell.xib */ = {isa = PBXFileReference; fileEncoding = 4; lastKnownFileType = file.xib; path = AccountTableViewCell.xib; sourceTree = "<group>"; };
		61F97090281FDD2200DE3FA9 /* CategoryEditorViewController.xib */ = {isa = PBXFileReference; fileEncoding = 4; lastKnownFileType = file.xib; path = CategoryEditorViewController.xib; sourceTree = "<group>"; };
		61F97091281FDD2200DE3FA9 /* MoneyAccountObject.swift */ = {isa = PBXFileReference; fileEncoding = 4; lastKnownFileType = sourcecode.swift; path = MoneyAccountObject.swift; sourceTree = "<group>"; };
		61F97092281FDD2200DE3FA9 /* CategoriesViewController.swift */ = {isa = PBXFileReference; fileEncoding = 4; lastKnownFileType = sourcecode.swift; path = CategoriesViewController.swift; sourceTree = "<group>"; };
		61F97093281FDD2200DE3FA9 /* MoneyAccountsCoordinator.swift */ = {isa = PBXFileReference; fileEncoding = 4; lastKnownFileType = sourcecode.swift; path = MoneyAccountsCoordinator.swift; sourceTree = "<group>"; };
		61F97094281FDD2200DE3FA9 /* SortedByCategoryDataSource.swift */ = {isa = PBXFileReference; fileEncoding = 4; lastKnownFileType = sourcecode.swift; path = SortedByCategoryDataSource.swift; sourceTree = "<group>"; };
		61F97095281FDD2200DE3FA9 /* CategoryTableViewCell.xib */ = {isa = PBXFileReference; fileEncoding = 4; lastKnownFileType = file.xib; path = CategoryTableViewCell.xib; sourceTree = "<group>"; };
		61F97096281FDD2200DE3FA9 /* OperationObject.swift */ = {isa = PBXFileReference; fileEncoding = 4; lastKnownFileType = sourcecode.swift; path = OperationObject.swift; sourceTree = "<group>"; };
		61F97097281FDD2200DE3FA9 /* ContentSizedTableView.swift */ = {isa = PBXFileReference; fileEncoding = 4; lastKnownFileType = sourcecode.swift; path = ContentSizedTableView.swift; sourceTree = "<group>"; };
		61F97098281FDD2200DE3FA9 /* MoneyAccountSelectionViewController.swift */ = {isa = PBXFileReference; fileEncoding = 4; lastKnownFileType = sourcecode.swift; path = MoneyAccountSelectionViewController.swift; sourceTree = "<group>"; };
		61F97099281FDD2200DE3FA9 /* OperationTableViewCell.swift */ = {isa = PBXFileReference; fileEncoding = 4; lastKnownFileType = sourcecode.swift; path = OperationTableViewCell.swift; sourceTree = "<group>"; };
		61F9709B281FDD2200DE3FA9 /* CategoryTableViewCell.swift */ = {isa = PBXFileReference; fileEncoding = 4; lastKnownFileType = sourcecode.swift; path = CategoryTableViewCell.swift; sourceTree = "<group>"; };
		61F9709D281FDD2200DE3FA9 /* SortedByDateDataSource.swift */ = {isa = PBXFileReference; fileEncoding = 4; lastKnownFileType = sourcecode.swift; path = SortedByDateDataSource.swift; sourceTree = "<group>"; };
		61F9709E281FDD2200DE3FA9 /* MainTableViewCoordinator.swift */ = {isa = PBXFileReference; fileEncoding = 4; lastKnownFileType = sourcecode.swift; path = MainTableViewCoordinator.swift; sourceTree = "<group>"; };
		61F970A0281FDD2200DE3FA9 /* CategoryObject.swift */ = {isa = PBXFileReference; fileEncoding = 4; lastKnownFileType = sourcecode.swift; path = CategoryObject.swift; sourceTree = "<group>"; };
		61F970A1281FDD2200DE3FA9 /* MoneyOperationsCoordinator.swift */ = {isa = PBXFileReference; fileEncoding = 4; lastKnownFileType = sourcecode.swift; path = MoneyOperationsCoordinator.swift; sourceTree = "<group>"; };
		61F970A2281FDD2200DE3FA9 /* AccountEditorViewController.swift */ = {isa = PBXFileReference; fileEncoding = 4; lastKnownFileType = sourcecode.swift; path = AccountEditorViewController.swift; sourceTree = "<group>"; };
		61F970A4281FDD2300DE3FA9 /* Extensions.swift */ = {isa = PBXFileReference; fileEncoding = 4; lastKnownFileType = sourcecode.swift; path = Extensions.swift; sourceTree = "<group>"; };
		61F970A6281FDD2300DE3FA9 /* CategoriesViewController.xib */ = {isa = PBXFileReference; fileEncoding = 4; lastKnownFileType = file.xib; path = CategoriesViewController.xib; sourceTree = "<group>"; };
		61F970A8281FDD2300DE3FA9 /* MainOperationsViewController.swift */ = {isa = PBXFileReference; fileEncoding = 4; lastKnownFileType = sourcecode.swift; path = MainOperationsViewController.swift; sourceTree = "<group>"; };
		61F970A9281FDD2300DE3FA9 /* OperationEditorViewController.xib */ = {isa = PBXFileReference; fileEncoding = 4; lastKnownFileType = file.xib; path = OperationEditorViewController.xib; sourceTree = "<group>"; };
		61F970AA281FDD2300DE3FA9 /* CategoryImageCollectionViewCell.swift */ = {isa = PBXFileReference; fileEncoding = 4; lastKnownFileType = sourcecode.swift; path = CategoryImageCollectionViewCell.swift; sourceTree = "<group>"; };
		61F970AB281FDD2300DE3FA9 /* AccountTableViewCell.swift */ = {isa = PBXFileReference; fileEncoding = 4; lastKnownFileType = sourcecode.swift; path = AccountTableViewCell.swift; sourceTree = "<group>"; };
		61F970AC281FDD2300DE3FA9 /* PaymentType.swift */ = {isa = PBXFileReference; fileEncoding = 4; lastKnownFileType = sourcecode.swift; path = PaymentType.swift; sourceTree = "<group>"; };
		61F970AD281FDD2300DE3FA9 /* OperationEditorViewController.swift */ = {isa = PBXFileReference; fileEncoding = 4; lastKnownFileType = sourcecode.swift; path = OperationEditorViewController.swift; sourceTree = "<group>"; };
		61F970AE281FDD2300DE3FA9 /* MoneyAccountSelectionViewController.xib */ = {isa = PBXFileReference; fileEncoding = 4; lastKnownFileType = file.xib; path = MoneyAccountSelectionViewController.xib; sourceTree = "<group>"; };
		61F970B0281FDD2300DE3FA9 /* CategoriesTableViewDataSource.swift */ = {isa = PBXFileReference; fileEncoding = 4; lastKnownFileType = sourcecode.swift; path = CategoriesTableViewDataSource.swift; sourceTree = "<group>"; };
		61F970B1281FDD2300DE3FA9 /* CategoryEditorViewController.swift */ = {isa = PBXFileReference; fileEncoding = 4; lastKnownFileType = sourcecode.swift; path = CategoryEditorViewController.swift; sourceTree = "<group>"; };
		61F970B4281FDD2300DE3FA9 /* AccountEditorViewController.xib */ = {isa = PBXFileReference; fileEncoding = 4; lastKnownFileType = file.xib; path = AccountEditorViewController.xib; sourceTree = "<group>"; };
		61F970B5281FDD2300DE3FA9 /* OperationTableViewCell.xib */ = {isa = PBXFileReference; fileEncoding = 4; lastKnownFileType = file.xib; path = OperationTableViewCell.xib; sourceTree = "<group>"; };
		61F970B7281FDD2300DE3FA9 /* CategoryImageCollectionViewCell.xib */ = {isa = PBXFileReference; fileEncoding = 4; lastKnownFileType = file.xib; path = CategoryImageCollectionViewCell.xib; sourceTree = "<group>"; };
		61F970B8281FDD2300DE3FA9 /* RootViewController.swift */ = {isa = PBXFileReference; fileEncoding = 4; lastKnownFileType = sourcecode.swift; path = RootViewController.swift; sourceTree = "<group>"; };
		61F970B9281FDD2300DE3FA9 /* MainOperationsViewController.xib */ = {isa = PBXFileReference; fileEncoding = 4; lastKnownFileType = file.xib; path = MainOperationsViewController.xib; sourceTree = "<group>"; };
		61F970EC282021BB00DE3FA9 /* Description.swift */ = {isa = PBXFileReference; lastKnownFileType = sourcecode.swift; path = Description.swift; sourceTree = "<group>"; };
		C53D0AEE4EFF510CD9EA4E6D /* Pods-WheresMyMoney.release.xcconfig */ = {isa = PBXFileReference; includeInIndex = 1; lastKnownFileType = text.xcconfig; name = "Pods-WheresMyMoney.release.xcconfig"; path = "Target Support Files/Pods-WheresMyMoney/Pods-WheresMyMoney.release.xcconfig"; sourceTree = "<group>"; };
/* End PBXFileReference section */

/* Begin PBXFrameworksBuildPhase section */
		61F97074281FDBDB00DE3FA9 /* Frameworks */ = {
			isa = PBXFrameworksBuildPhase;
			buildActionMask = 2147483647;
			files = (
				C0EC84970FEE6EBC7727B9F9 /* Pods_WheresMyMoney.framework in Frameworks */,
			);
			runOnlyForDeploymentPostprocessing = 0;
		};
/* End PBXFrameworksBuildPhase section */

/* Begin PBXGroup section */
		61BEF22828216C210085E6AA /* MainOperationsVC */ = {
			isa = PBXGroup;
			children = (
				61F970A8281FDD2300DE3FA9 /* MainOperationsViewController.swift */,
				61F970B9281FDD2300DE3FA9 /* MainOperationsViewController.xib */,
				61F970EB2820198A00DE3FA9 /* MainOperationsVCDataSources */,
				61F970AD281FDD2300DE3FA9 /* OperationEditorViewController.swift */,
				61F970A9281FDD2300DE3FA9 /* OperationEditorViewController.xib */,
			);
			path = MainOperationsVC;
			sourceTree = "<group>";
		};
		61F9706E281FDBDB00DE3FA9 = {
			isa = PBXGroup;
			children = (
				61F97079281FDBDB00DE3FA9 /* WheresMyMoney */,
				61F97078281FDBDB00DE3FA9 /* Products */,
				92E0E267CA6B8B5C24264980 /* Pods */,
				C56F1E1BBC144F0C41B57543 /* Frameworks */,
			);
			sourceTree = "<group>";
		};
		61F97078281FDBDB00DE3FA9 /* Products */ = {
			isa = PBXGroup;
			children = (
				61F97077281FDBDB00DE3FA9 /* WheresMyMoney.app */,
			);
			name = Products;
			sourceTree = "<group>";
		};
		61F97079281FDBDB00DE3FA9 /* WheresMyMoney */ = {
			isa = PBXGroup;
			children = (
				61F970E8281FDDCC00DE3FA9 /* Cells */,
				61F970E9281FDE8100DE3FA9 /* PersistenceStorage */,
				61F970B8281FDD2300DE3FA9 /* RootViewController.swift */,
				61F97093281FDD2200DE3FA9 /* MoneyAccountsCoordinator.swift */,
				61F970A1281FDD2200DE3FA9 /* MoneyOperationsCoordinator.swift */,
				61F970EE282031C400DE3FA9 /* AccountManageVCs */,
				61BEF22828216C210085E6AA /* MainOperationsVC */,
				61F970EF2820320B00DE3FA9 /* CategoryManageVCs */,
				61F970A4281FDD2300DE3FA9 /* Extensions.swift */,
				61F9707A281FDBDB00DE3FA9 /* AppDelegate.swift */,
				61F9707C281FDBDB00DE3FA9 /* SceneDelegate.swift */,
				61F9707E281FDBDB00DE3FA9 /* ViewController.swift */,
				61F97080281FDBDC00DE3FA9 /* Main.storyboard */,
				61F97083281FDBDD00DE3FA9 /* Assets.xcassets */,
				61F97085281FDBDD00DE3FA9 /* LaunchScreen.storyboard */,
				61F97088281FDBDD00DE3FA9 /* Info.plist */,
				61F970EC282021BB00DE3FA9 /* Description.swift */,
			);
			path = WheresMyMoney;
			sourceTree = "<group>";
		};
		61F970E8281FDDCC00DE3FA9 /* Cells */ = {
			isa = PBXGroup;
			children = (
				61F970AB281FDD2300DE3FA9 /* AccountTableViewCell.swift */,
				61F9708F281FDD2200DE3FA9 /* AccountTableViewCell.xib */,
				61F97099281FDD2200DE3FA9 /* OperationTableViewCell.swift */,
				61F970B5281FDD2300DE3FA9 /* OperationTableViewCell.xib */,
				61F9709B281FDD2200DE3FA9 /* CategoryTableViewCell.swift */,
				61F97095281FDD2200DE3FA9 /* CategoryTableViewCell.xib */,
				61F970AA281FDD2300DE3FA9 /* CategoryImageCollectionViewCell.swift */,
				61F970B7281FDD2300DE3FA9 /* CategoryImageCollectionViewCell.xib */,
				61BEF22928216FCE0085E6AA /* CategoryMonthStatTableViewCell.swift */,
				61BEF22A28216FCE0085E6AA /* CategoryMonthStatTableViewCell.xib */,
			);
			path = Cells;
			sourceTree = "<group>";
		};
		61F970E9281FDE8100DE3FA9 /* PersistenceStorage */ = {
			isa = PBXGroup;
			children = (
				61F9708E281FDD2200DE3FA9 /* PersistenceManager.swift */,
				61F97091281FDD2200DE3FA9 /* MoneyAccountObject.swift */,
				61F970A0281FDD2200DE3FA9 /* CategoryObject.swift */,
				61F97096281FDD2200DE3FA9 /* OperationObject.swift */,
				61F970AC281FDD2300DE3FA9 /* PaymentType.swift */,
			);
			path = PersistenceStorage;
			sourceTree = "<group>";
		};
		61F970EB2820198A00DE3FA9 /* MainOperationsVCDataSources */ = {
			isa = PBXGroup;
			children = (
				61F9709E281FDD2200DE3FA9 /* MainTableViewCoordinator.swift */,
				61F9709D281FDD2200DE3FA9 /* SortedByDateDataSource.swift */,
				61F97094281FDD2200DE3FA9 /* SortedByCategoryDataSource.swift */,
			);
			path = MainOperationsVCDataSources;
			sourceTree = "<group>";
		};
		61F970EE282031C400DE3FA9 /* AccountManageVCs */ = {
			isa = PBXGroup;
			children = (
				61F97098281FDD2200DE3FA9 /* MoneyAccountSelectionViewController.swift */,
				61F970AE281FDD2300DE3FA9 /* MoneyAccountSelectionViewController.xib */,
				61F97097281FDD2200DE3FA9 /* ContentSizedTableView.swift */,
				61F970A2281FDD2200DE3FA9 /* AccountEditorViewController.swift */,
				61F970B4281FDD2300DE3FA9 /* AccountEditorViewController.xib */,
			);
			path = AccountManageVCs;
			sourceTree = "<group>";
		};
		61F970EF2820320B00DE3FA9 /* CategoryManageVCs */ = {
			isa = PBXGroup;
			children = (
				61F97092281FDD2200DE3FA9 /* CategoriesViewController.swift */,
				61F970A6281FDD2300DE3FA9 /* CategoriesViewController.xib */,
				61F970B0281FDD2300DE3FA9 /* CategoriesTableViewDataSource.swift */,
				61F970B1281FDD2300DE3FA9 /* CategoryEditorViewController.swift */,
				61F97090281FDD2200DE3FA9 /* CategoryEditorViewController.xib */,
			);
			path = CategoryManageVCs;
			sourceTree = "<group>";
		};
		92E0E267CA6B8B5C24264980 /* Pods */ = {
			isa = PBXGroup;
			children = (
				366B54B3C2814A07813C6C58 /* Pods-WheresMyMoney.debug.xcconfig */,
				C53D0AEE4EFF510CD9EA4E6D /* Pods-WheresMyMoney.release.xcconfig */,
			);
			path = Pods;
			sourceTree = "<group>";
		};
		C56F1E1BBC144F0C41B57543 /* Frameworks */ = {
			isa = PBXGroup;
			children = (
				2C996287D0BD568FD2246A26 /* Pods_WheresMyMoney.framework */,
			);
			name = Frameworks;
			sourceTree = "<group>";
		};
/* End PBXGroup section */

/* Begin PBXNativeTarget section */
		61F97076281FDBDB00DE3FA9 /* WheresMyMoney */ = {
			isa = PBXNativeTarget;
			buildConfigurationList = 61F9708B281FDBDD00DE3FA9 /* Build configuration list for PBXNativeTarget "WheresMyMoney" */;
			buildPhases = (
				68D389D29D895A3DEE8ABA0E /* [CP] Check Pods Manifest.lock */,
				61F97073281FDBDB00DE3FA9 /* Sources */,
				61F97074281FDBDB00DE3FA9 /* Frameworks */,
				61F97075281FDBDB00DE3FA9 /* Resources */,
				C1B5DA8B292C2AED5871A8D5 /* [CP] Embed Pods Frameworks */,
			);
			buildRules = (
			);
			dependencies = (
			);
			name = WheresMyMoney;
			productName = WheresMyMoney;
			productReference = 61F97077281FDBDB00DE3FA9 /* WheresMyMoney.app */;
			productType = "com.apple.product-type.application";
		};
/* End PBXNativeTarget section */

/* Begin PBXProject section */
		61F9706F281FDBDB00DE3FA9 /* Project object */ = {
			isa = PBXProject;
			attributes = {
				BuildIndependentTargetsInParallel = 1;
				LastSwiftUpdateCheck = 1330;
				LastUpgradeCheck = 1330;
				TargetAttributes = {
					61F97076281FDBDB00DE3FA9 = {
						CreatedOnToolsVersion = 13.3.1;
					};
				};
			};
			buildConfigurationList = 61F97072281FDBDB00DE3FA9 /* Build configuration list for PBXProject "WheresMyMoney" */;
			compatibilityVersion = "Xcode 13.0";
			developmentRegion = en;
			hasScannedForEncodings = 0;
			knownRegions = (
				en,
				Base,
			);
			mainGroup = 61F9706E281FDBDB00DE3FA9;
			productRefGroup = 61F97078281FDBDB00DE3FA9 /* Products */;
			projectDirPath = "";
			projectRoot = "";
			targets = (
				61F97076281FDBDB00DE3FA9 /* WheresMyMoney */,
			);
		};
/* End PBXProject section */

/* Begin PBXResourcesBuildPhase section */
		61F97075281FDBDB00DE3FA9 /* Resources */ = {
			isa = PBXResourcesBuildPhase;
			buildActionMask = 2147483647;
			files = (
				61F970E4281FDD2300DE3FA9 /* CategoryImageCollectionViewCell.xib in Resources */,
				61F970E1281FDD2300DE3FA9 /* AccountEditorViewController.xib in Resources */,
				61F970DB281FDD2300DE3FA9 /* MoneyAccountSelectionViewController.xib in Resources */,
				61F970BD281FDD2300DE3FA9 /* CategoryEditorViewController.xib in Resources */,
				61F970BC281FDD2300DE3FA9 /* AccountTableViewCell.xib in Resources */,
				61F970D3281FDD2300DE3FA9 /* CategoriesViewController.xib in Resources */,
				61BEF22C28216FCE0085E6AA /* CategoryMonthStatTableViewCell.xib in Resources */,
				61F970D6281FDD2300DE3FA9 /* OperationEditorViewController.xib in Resources */,
				61F970E6281FDD2300DE3FA9 /* MainOperationsViewController.xib in Resources */,
				61F97087281FDBDD00DE3FA9 /* LaunchScreen.storyboard in Resources */,
				61F970C2281FDD2300DE3FA9 /* CategoryTableViewCell.xib in Resources */,
				61F97084281FDBDD00DE3FA9 /* Assets.xcassets in Resources */,
				61F97082281FDBDC00DE3FA9 /* Main.storyboard in Resources */,
				61F970E2281FDD2300DE3FA9 /* OperationTableViewCell.xib in Resources */,
			);
			runOnlyForDeploymentPostprocessing = 0;
		};
/* End PBXResourcesBuildPhase section */

/* Begin PBXShellScriptBuildPhase section */
		68D389D29D895A3DEE8ABA0E /* [CP] Check Pods Manifest.lock */ = {
			isa = PBXShellScriptBuildPhase;
			buildActionMask = 2147483647;
			files = (
			);
			inputFileListPaths = (
			);
			inputPaths = (
				"${PODS_PODFILE_DIR_PATH}/Podfile.lock",
				"${PODS_ROOT}/Manifest.lock",
			);
			name = "[CP] Check Pods Manifest.lock";
			outputFileListPaths = (
			);
			outputPaths = (
				"$(DERIVED_FILE_DIR)/Pods-WheresMyMoney-checkManifestLockResult.txt",
			);
			runOnlyForDeploymentPostprocessing = 0;
			shellPath = /bin/sh;
			shellScript = "diff \"${PODS_PODFILE_DIR_PATH}/Podfile.lock\" \"${PODS_ROOT}/Manifest.lock\" > /dev/null\nif [ $? != 0 ] ; then\n    # print error to STDERR\n    echo \"error: The sandbox is not in sync with the Podfile.lock. Run 'pod install' or update your CocoaPods installation.\" >&2\n    exit 1\nfi\n# This output is used by Xcode 'outputs' to avoid re-running this script phase.\necho \"SUCCESS\" > \"${SCRIPT_OUTPUT_FILE_0}\"\n";
			showEnvVarsInLog = 0;
		};
		C1B5DA8B292C2AED5871A8D5 /* [CP] Embed Pods Frameworks */ = {
			isa = PBXShellScriptBuildPhase;
			buildActionMask = 2147483647;
			files = (
			);
			inputFileListPaths = (
				"${PODS_ROOT}/Target Support Files/Pods-WheresMyMoney/Pods-WheresMyMoney-frameworks-${CONFIGURATION}-input-files.xcfilelist",
			);
			name = "[CP] Embed Pods Frameworks";
			outputFileListPaths = (
				"${PODS_ROOT}/Target Support Files/Pods-WheresMyMoney/Pods-WheresMyMoney-frameworks-${CONFIGURATION}-output-files.xcfilelist",
			);
			runOnlyForDeploymentPostprocessing = 0;
			shellPath = /bin/sh;
			shellScript = "\"${PODS_ROOT}/Target Support Files/Pods-WheresMyMoney/Pods-WheresMyMoney-frameworks.sh\"\n";
			showEnvVarsInLog = 0;
		};
/* End PBXShellScriptBuildPhase section */

/* Begin PBXSourcesBuildPhase section */
		61F97073281FDBDB00DE3FA9 /* Sources */ = {
			isa = PBXSourcesBuildPhase;
			buildActionMask = 2147483647;
			files = (
				61F970C1281FDD2300DE3FA9 /* SortedByCategoryDataSource.swift in Sources */,
				61F970E5281FDD2300DE3FA9 /* RootViewController.swift in Sources */,
				61F9707F281FDBDB00DE3FA9 /* ViewController.swift in Sources */,
				61F970CD281FDD2300DE3FA9 /* CategoryObject.swift in Sources */,
				61F970DE281FDD2300DE3FA9 /* CategoryEditorViewController.swift in Sources */,
				61F970CF281FDD2300DE3FA9 /* AccountEditorViewController.swift in Sources */,
				61F9707B281FDBDB00DE3FA9 /* AppDelegate.swift in Sources */,
				61F970C4281FDD2300DE3FA9 /* ContentSizedTableView.swift in Sources */,
				61F970CE281FDD2300DE3FA9 /* MoneyOperationsCoordinator.swift in Sources */,
				61F970D8281FDD2300DE3FA9 /* AccountTableViewCell.swift in Sources */,
				61F970C5281FDD2300DE3FA9 /* MoneyAccountSelectionViewController.swift in Sources */,
				61F970D1281FDD2300DE3FA9 /* Extensions.swift in Sources */,
				61F970BF281FDD2300DE3FA9 /* CategoriesViewController.swift in Sources */,
				61F970D9281FDD2300DE3FA9 /* PaymentType.swift in Sources */,
				61F970D5281FDD2300DE3FA9 /* MainOperationsViewController.swift in Sources */,
				61F9707D281FDBDB00DE3FA9 /* SceneDelegate.swift in Sources */,
				61F970C6281FDD2300DE3FA9 /* OperationTableViewCell.swift in Sources */,
				61F970DD281FDD2300DE3FA9 /* CategoriesTableViewDataSource.swift in Sources */,
				61F970DA281FDD2300DE3FA9 /* OperationEditorViewController.swift in Sources */,
				61F970CB281FDD2300DE3FA9 /* MainTableViewCoordinator.swift in Sources */,
				61F970BB281FDD2300DE3FA9 /* PersistenceManager.swift in Sources */,
				61F970BE281FDD2300DE3FA9 /* MoneyAccountObject.swift in Sources */,
				61BEF22B28216FCE0085E6AA /* CategoryMonthStatTableViewCell.swift in Sources */,
				61F970CA281FDD2300DE3FA9 /* SortedByDateDataSource.swift in Sources */,
				61F970C8281FDD2300DE3FA9 /* CategoryTableViewCell.swift in Sources */,
				61F970ED282021BB00DE3FA9 /* Description.swift in Sources */,
				61F970C0281FDD2300DE3FA9 /* MoneyAccountsCoordinator.swift in Sources */,
				61F970D7281FDD2300DE3FA9 /* CategoryImageCollectionViewCell.swift in Sources */,
				61F970C3281FDD2300DE3FA9 /* OperationObject.swift in Sources */,
			);
			runOnlyForDeploymentPostprocessing = 0;
		};
/* End PBXSourcesBuildPhase section */

/* Begin PBXVariantGroup section */
		61F97080281FDBDC00DE3FA9 /* Main.storyboard */ = {
			isa = PBXVariantGroup;
			children = (
				61F97081281FDBDC00DE3FA9 /* Base */,
			);
			name = Main.storyboard;
			sourceTree = "<group>";
		};
		61F97085281FDBDD00DE3FA9 /* LaunchScreen.storyboard */ = {
			isa = PBXVariantGroup;
			children = (
				61F97086281FDBDD00DE3FA9 /* Base */,
			);
			name = LaunchScreen.storyboard;
			sourceTree = "<group>";
		};
/* End PBXVariantGroup section */

/* Begin XCBuildConfiguration section */
		61F97089281FDBDD00DE3FA9 /* Debug */ = {
			isa = XCBuildConfiguration;
			buildSettings = {
				ALWAYS_SEARCH_USER_PATHS = NO;
				CLANG_ANALYZER_NONNULL = YES;
				CLANG_ANALYZER_NUMBER_OBJECT_CONVERSION = YES_AGGRESSIVE;
				CLANG_CXX_LANGUAGE_STANDARD = "gnu++17";
				CLANG_ENABLE_MODULES = YES;
				CLANG_ENABLE_OBJC_ARC = YES;
				CLANG_ENABLE_OBJC_WEAK = YES;
				CLANG_WARN_BLOCK_CAPTURE_AUTORELEASING = YES;
				CLANG_WARN_BOOL_CONVERSION = YES;
				CLANG_WARN_COMMA = YES;
				CLANG_WARN_CONSTANT_CONVERSION = YES;
				CLANG_WARN_DEPRECATED_OBJC_IMPLEMENTATIONS = YES;
				CLANG_WARN_DIRECT_OBJC_ISA_USAGE = YES_ERROR;
				CLANG_WARN_DOCUMENTATION_COMMENTS = YES;
				CLANG_WARN_EMPTY_BODY = YES;
				CLANG_WARN_ENUM_CONVERSION = YES;
				CLANG_WARN_INFINITE_RECURSION = YES;
				CLANG_WARN_INT_CONVERSION = YES;
				CLANG_WARN_NON_LITERAL_NULL_CONVERSION = YES;
				CLANG_WARN_OBJC_IMPLICIT_RETAIN_SELF = YES;
				CLANG_WARN_OBJC_LITERAL_CONVERSION = YES;
				CLANG_WARN_OBJC_ROOT_CLASS = YES_ERROR;
				CLANG_WARN_QUOTED_INCLUDE_IN_FRAMEWORK_HEADER = YES;
				CLANG_WARN_RANGE_LOOP_ANALYSIS = YES;
				CLANG_WARN_STRICT_PROTOTYPES = YES;
				CLANG_WARN_SUSPICIOUS_MOVE = YES;
				CLANG_WARN_UNGUARDED_AVAILABILITY = YES_AGGRESSIVE;
				CLANG_WARN_UNREACHABLE_CODE = YES;
				CLANG_WARN__DUPLICATE_METHOD_MATCH = YES;
				COPY_PHASE_STRIP = NO;
				DEBUG_INFORMATION_FORMAT = dwarf;
				ENABLE_STRICT_OBJC_MSGSEND = YES;
				ENABLE_TESTABILITY = YES;
				GCC_C_LANGUAGE_STANDARD = gnu11;
				GCC_DYNAMIC_NO_PIC = NO;
				GCC_NO_COMMON_BLOCKS = YES;
				GCC_OPTIMIZATION_LEVEL = 0;
				GCC_PREPROCESSOR_DEFINITIONS = (
					"DEBUG=1",
					"$(inherited)",
				);
				GCC_WARN_64_TO_32_BIT_CONVERSION = YES;
				GCC_WARN_ABOUT_RETURN_TYPE = YES_ERROR;
				GCC_WARN_UNDECLARED_SELECTOR = YES;
				GCC_WARN_UNINITIALIZED_AUTOS = YES_AGGRESSIVE;
				GCC_WARN_UNUSED_FUNCTION = YES;
				GCC_WARN_UNUSED_VARIABLE = YES;
				IPHONEOS_DEPLOYMENT_TARGET = 15.4;
				MTL_ENABLE_DEBUG_INFO = INCLUDE_SOURCE;
				MTL_FAST_MATH = YES;
				ONLY_ACTIVE_ARCH = YES;
				SDKROOT = iphoneos;
				SWIFT_ACTIVE_COMPILATION_CONDITIONS = DEBUG;
				SWIFT_OPTIMIZATION_LEVEL = "-Onone";
			};
			name = Debug;
		};
		61F9708A281FDBDD00DE3FA9 /* Release */ = {
			isa = XCBuildConfiguration;
			buildSettings = {
				ALWAYS_SEARCH_USER_PATHS = NO;
				CLANG_ANALYZER_NONNULL = YES;
				CLANG_ANALYZER_NUMBER_OBJECT_CONVERSION = YES_AGGRESSIVE;
				CLANG_CXX_LANGUAGE_STANDARD = "gnu++17";
				CLANG_ENABLE_MODULES = YES;
				CLANG_ENABLE_OBJC_ARC = YES;
				CLANG_ENABLE_OBJC_WEAK = YES;
				CLANG_WARN_BLOCK_CAPTURE_AUTORELEASING = YES;
				CLANG_WARN_BOOL_CONVERSION = YES;
				CLANG_WARN_COMMA = YES;
				CLANG_WARN_CONSTANT_CONVERSION = YES;
				CLANG_WARN_DEPRECATED_OBJC_IMPLEMENTATIONS = YES;
				CLANG_WARN_DIRECT_OBJC_ISA_USAGE = YES_ERROR;
				CLANG_WARN_DOCUMENTATION_COMMENTS = YES;
				CLANG_WARN_EMPTY_BODY = YES;
				CLANG_WARN_ENUM_CONVERSION = YES;
				CLANG_WARN_INFINITE_RECURSION = YES;
				CLANG_WARN_INT_CONVERSION = YES;
				CLANG_WARN_NON_LITERAL_NULL_CONVERSION = YES;
				CLANG_WARN_OBJC_IMPLICIT_RETAIN_SELF = YES;
				CLANG_WARN_OBJC_LITERAL_CONVERSION = YES;
				CLANG_WARN_OBJC_ROOT_CLASS = YES_ERROR;
				CLANG_WARN_QUOTED_INCLUDE_IN_FRAMEWORK_HEADER = YES;
				CLANG_WARN_RANGE_LOOP_ANALYSIS = YES;
				CLANG_WARN_STRICT_PROTOTYPES = YES;
				CLANG_WARN_SUSPICIOUS_MOVE = YES;
				CLANG_WARN_UNGUARDED_AVAILABILITY = YES_AGGRESSIVE;
				CLANG_WARN_UNREACHABLE_CODE = YES;
				CLANG_WARN__DUPLICATE_METHOD_MATCH = YES;
				COPY_PHASE_STRIP = NO;
				DEBUG_INFORMATION_FORMAT = "dwarf-with-dsym";
				ENABLE_NS_ASSERTIONS = NO;
				ENABLE_STRICT_OBJC_MSGSEND = YES;
				GCC_C_LANGUAGE_STANDARD = gnu11;
				GCC_NO_COMMON_BLOCKS = YES;
				GCC_WARN_64_TO_32_BIT_CONVERSION = YES;
				GCC_WARN_ABOUT_RETURN_TYPE = YES_ERROR;
				GCC_WARN_UNDECLARED_SELECTOR = YES;
				GCC_WARN_UNINITIALIZED_AUTOS = YES_AGGRESSIVE;
				GCC_WARN_UNUSED_FUNCTION = YES;
				GCC_WARN_UNUSED_VARIABLE = YES;
				IPHONEOS_DEPLOYMENT_TARGET = 15.4;
				MTL_ENABLE_DEBUG_INFO = NO;
				MTL_FAST_MATH = YES;
				SDKROOT = iphoneos;
				SWIFT_COMPILATION_MODE = wholemodule;
				SWIFT_OPTIMIZATION_LEVEL = "-O";
				VALIDATE_PRODUCT = YES;
			};
			name = Release;
		};
		61F9708C281FDBDD00DE3FA9 /* Debug */ = {
			isa = XCBuildConfiguration;
			baseConfigurationReference = 366B54B3C2814A07813C6C58 /* Pods-WheresMyMoney.debug.xcconfig */;
			buildSettings = {
				ASSETCATALOG_COMPILER_APPICON_NAME = AppIcon;
				ASSETCATALOG_COMPILER_GLOBAL_ACCENT_COLOR_NAME = AccentColor;
				CODE_SIGN_STYLE = Automatic;
				CURRENT_PROJECT_VERSION = 1;
				DEVELOPMENT_TEAM = 9J3LF929MJ;
				GENERATE_INFOPLIST_FILE = YES;
				INFOPLIST_FILE = WheresMyMoney/Info.plist;
				INFOPLIST_KEY_UIApplicationSupportsIndirectInputEvents = YES;
				INFOPLIST_KEY_UILaunchStoryboardName = LaunchScreen;
				INFOPLIST_KEY_UIMainStoryboardFile = Main;
				INFOPLIST_KEY_UISupportedInterfaceOrientations = UIInterfaceOrientationPortrait;
				INFOPLIST_KEY_UISupportedInterfaceOrientations_iPad = "UIInterfaceOrientationPortrait UIInterfaceOrientationPortraitUpsideDown UIInterfaceOrientationLandscapeLeft UIInterfaceOrientationLandscapeRight";
				INFOPLIST_KEY_UISupportedInterfaceOrientations_iPhone = "UIInterfaceOrientationPortrait UIInterfaceOrientationLandscapeLeft UIInterfaceOrientationLandscapeRight";
				IPHONEOS_DEPLOYMENT_TARGET = 14.0;
				LD_RUNPATH_SEARCH_PATHS = (
					"$(inherited)",
					"@executable_path/Frameworks",
				);
				MARKETING_VERSION = 1.0;
				PRODUCT_BUNDLE_IDENTIFIER = ru.kfkf.WheresMyMoney;
				PRODUCT_NAME = "$(TARGET_NAME)";
				SWIFT_EMIT_LOC_STRINGS = YES;
				SWIFT_VERSION = 5.0;
				TARGETED_DEVICE_FAMILY = "1,2";
			};
			name = Debug;
		};
		61F9708D281FDBDD00DE3FA9 /* Release */ = {
			isa = XCBuildConfiguration;
			baseConfigurationReference = C53D0AEE4EFF510CD9EA4E6D /* Pods-WheresMyMoney.release.xcconfig */;
			buildSettings = {
				ASSETCATALOG_COMPILER_APPICON_NAME = AppIcon;
				ASSETCATALOG_COMPILER_GLOBAL_ACCENT_COLOR_NAME = AccentColor;
				CODE_SIGN_STYLE = Automatic;
				CURRENT_PROJECT_VERSION = 1;
				DEVELOPMENT_TEAM = 9J3LF929MJ;
				GENERATE_INFOPLIST_FILE = YES;
				INFOPLIST_FILE = WheresMyMoney/Info.plist;
				INFOPLIST_KEY_UIApplicationSupportsIndirectInputEvents = YES;
				INFOPLIST_KEY_UILaunchStoryboardName = LaunchScreen;
				INFOPLIST_KEY_UIMainStoryboardFile = Main;
				INFOPLIST_KEY_UISupportedInterfaceOrientations = UIInterfaceOrientationPortrait;
				INFOPLIST_KEY_UISupportedInterfaceOrientations_iPad = "UIInterfaceOrientationPortrait UIInterfaceOrientationPortraitUpsideDown UIInterfaceOrientationLandscapeLeft UIInterfaceOrientationLandscapeRight";
				INFOPLIST_KEY_UISupportedInterfaceOrientations_iPhone = "UIInterfaceOrientationPortrait UIInterfaceOrientationLandscapeLeft UIInterfaceOrientationLandscapeRight";
				IPHONEOS_DEPLOYMENT_TARGET = 14.0;
				LD_RUNPATH_SEARCH_PATHS = (
					"$(inherited)",
					"@executable_path/Frameworks",
				);
				MARKETING_VERSION = 1.0;
				PRODUCT_BUNDLE_IDENTIFIER = ru.kfkf.WheresMyMoney;
				PRODUCT_NAME = "$(TARGET_NAME)";
				SWIFT_EMIT_LOC_STRINGS = YES;
				SWIFT_VERSION = 5.0;
				TARGETED_DEVICE_FAMILY = "1,2";
			};
			name = Release;
		};
/* End XCBuildConfiguration section */

/* Begin XCConfigurationList section */
		61F97072281FDBDB00DE3FA9 /* Build configuration list for PBXProject "WheresMyMoney" */ = {
			isa = XCConfigurationList;
			buildConfigurations = (
				61F97089281FDBDD00DE3FA9 /* Debug */,
				61F9708A281FDBDD00DE3FA9 /* Release */,
			);
			defaultConfigurationIsVisible = 0;
			defaultConfigurationName = Release;
		};
		61F9708B281FDBDD00DE3FA9 /* Build configuration list for PBXNativeTarget "WheresMyMoney" */ = {
			isa = XCConfigurationList;
			buildConfigurations = (
				61F9708C281FDBDD00DE3FA9 /* Debug */,
				61F9708D281FDBDD00DE3FA9 /* Release */,
			);
			defaultConfigurationIsVisible = 0;
			defaultConfigurationName = Release;
		};
/* End XCConfigurationList section */
	};
	rootObject = 61F9706F281FDBDB00DE3FA9 /* Project object */;
}
