// !$*UTF8*$!
{
	archiveVersion = 1;
	classes = {
	};
	objectVersion = 55;
	objects = {

/* Begin PBXBuildFile section */
		3B9FB1FA0942F56D2A1A0DB3 /* Pods_Where_sMyMoney.framework in Frameworks */ = {isa = PBXBuildFile; fileRef = 6C41C9BC8ABB66902EADC71B /* Pods_Where_sMyMoney.framework */; };
		611EC66A281C1CEF00BEE99C /* AppDelegate.swift in Sources */ = {isa = PBXBuildFile; fileRef = 611EC669281C1CEF00BEE99C /* AppDelegate.swift */; };
		611EC66C281C1CEF00BEE99C /* SceneDelegate.swift in Sources */ = {isa = PBXBuildFile; fileRef = 611EC66B281C1CEF00BEE99C /* SceneDelegate.swift */; };
		611EC66E281C1CEF00BEE99C /* ViewController.swift in Sources */ = {isa = PBXBuildFile; fileRef = 611EC66D281C1CEF00BEE99C /* ViewController.swift */; };
		611EC671281C1CEF00BEE99C /* Main.storyboard in Resources */ = {isa = PBXBuildFile; fileRef = 611EC66F281C1CEF00BEE99C /* Main.storyboard */; };
		611EC673281C1CF100BEE99C /* Assets.xcassets in Resources */ = {isa = PBXBuildFile; fileRef = 611EC672281C1CF100BEE99C /* Assets.xcassets */; };
		611EC676281C1CF100BEE99C /* LaunchScreen.storyboard in Resources */ = {isa = PBXBuildFile; fileRef = 611EC674281C1CF100BEE99C /* LaunchScreen.storyboard */; };
/* End PBXBuildFile section */

/* Begin PBXFileReference section */
		2CE717E851D4232EA9001173 /* Pods-Where'sMyMoney.debug.xcconfig */ = {isa = PBXFileReference; includeInIndex = 1; lastKnownFileType = text.xcconfig; name = "Pods-Where'sMyMoney.debug.xcconfig"; path = "Target Support Files/Pods-Where'sMyMoney/Pods-Where'sMyMoney.debug.xcconfig"; sourceTree = "<group>"; };
		611EC666281C1CEF00BEE99C /* Where'sMyMoney.app */ = {isa = PBXFileReference; explicitFileType = wrapper.application; includeInIndex = 0; path = "Where'sMyMoney.app"; sourceTree = BUILT_PRODUCTS_DIR; };
		611EC669281C1CEF00BEE99C /* AppDelegate.swift */ = {isa = PBXFileReference; lastKnownFileType = sourcecode.swift; path = AppDelegate.swift; sourceTree = "<group>"; };
		611EC66B281C1CEF00BEE99C /* SceneDelegate.swift */ = {isa = PBXFileReference; lastKnownFileType = sourcecode.swift; path = SceneDelegate.swift; sourceTree = "<group>"; };
		611EC66D281C1CEF00BEE99C /* ViewController.swift */ = {isa = PBXFileReference; lastKnownFileType = sourcecode.swift; path = ViewController.swift; sourceTree = "<group>"; };
		611EC670281C1CEF00BEE99C /* Base */ = {isa = PBXFileReference; lastKnownFileType = file.storyboard; name = Base; path = Base.lproj/Main.storyboard; sourceTree = "<group>"; };
		611EC672281C1CF100BEE99C /* Assets.xcassets */ = {isa = PBXFileReference; lastKnownFileType = folder.assetcatalog; path = Assets.xcassets; sourceTree = "<group>"; };
		611EC675281C1CF100BEE99C /* Base */ = {isa = PBXFileReference; lastKnownFileType = file.storyboard; name = Base; path = Base.lproj/LaunchScreen.storyboard; sourceTree = "<group>"; };
		611EC677281C1CF100BEE99C /* Info.plist */ = {isa = PBXFileReference; lastKnownFileType = text.plist.xml; path = Info.plist; sourceTree = "<group>"; };
		6C41C9BC8ABB66902EADC71B /* Pods_Where_sMyMoney.framework */ = {isa = PBXFileReference; explicitFileType = wrapper.framework; includeInIndex = 0; path = Pods_Where_sMyMoney.framework; sourceTree = BUILT_PRODUCTS_DIR; };
		96F9CD64FCDBFBF8D7536EC3 /* Pods-Where'sMyMoney.release.xcconfig */ = {isa = PBXFileReference; includeInIndex = 1; lastKnownFileType = text.xcconfig; name = "Pods-Where'sMyMoney.release.xcconfig"; path = "Target Support Files/Pods-Where'sMyMoney/Pods-Where'sMyMoney.release.xcconfig"; sourceTree = "<group>"; };
/* End PBXFileReference section */

/* Begin PBXFrameworksBuildPhase section */
		611EC663281C1CEF00BEE99C /* Frameworks */ = {
			isa = PBXFrameworksBuildPhase;
			buildActionMask = 2147483647;
			files = (
				3B9FB1FA0942F56D2A1A0DB3 /* Pods_Where_sMyMoney.framework in Frameworks */,
			);
			runOnlyForDeploymentPostprocessing = 0;
		};
/* End PBXFrameworksBuildPhase section */

/* Begin PBXGroup section */
		263FD013C4579E515A67BD03 /* Pods */ = {
			isa = PBXGroup;
			children = (
				2CE717E851D4232EA9001173 /* Pods-Where'sMyMoney.debug.xcconfig */,
				96F9CD64FCDBFBF8D7536EC3 /* Pods-Where'sMyMoney.release.xcconfig */,
			);
			name = Pods;
			path = Pods;
			sourceTree = "<group>";
		};
		611EC65D281C1CEF00BEE99C = {
			isa = PBXGroup;
			children = (
				611EC668281C1CEF00BEE99C /* Where'sMyMoney */,
				611EC667281C1CEF00BEE99C /* Products */,
				263FD013C4579E515A67BD03 /* Pods */,
				F4B6D25501958C330BA9C366 /* Frameworks */,
			);
			sourceTree = "<group>";
		};
		611EC667281C1CEF00BEE99C /* Products */ = {
			isa = PBXGroup;
			children = (
				611EC666281C1CEF00BEE99C /* Where'sMyMoney.app */,
			);
			name = Products;
			sourceTree = "<group>";
		};
		611EC668281C1CEF00BEE99C /* Where'sMyMoney */ = {
			isa = PBXGroup;
			children = (
				611EC669281C1CEF00BEE99C /* AppDelegate.swift */,
				611EC66B281C1CEF00BEE99C /* SceneDelegate.swift */,
				611EC66D281C1CEF00BEE99C /* ViewController.swift */,
				611EC66F281C1CEF00BEE99C /* Main.storyboard */,
				611EC672281C1CF100BEE99C /* Assets.xcassets */,
				611EC674281C1CF100BEE99C /* LaunchScreen.storyboard */,
				611EC677281C1CF100BEE99C /* Info.plist */,
			);
			path = "Where'sMyMoney";
			sourceTree = "<group>";
		};
		F4B6D25501958C330BA9C366 /* Frameworks */ = {
			isa = PBXGroup;
			children = (
				6C41C9BC8ABB66902EADC71B /* Pods_Where_sMyMoney.framework */,
			);
			name = Frameworks;
			sourceTree = "<group>";
		};
/* End PBXGroup section */

/* Begin PBXNativeTarget section */
		611EC665281C1CEF00BEE99C /* Where'sMyMoney */ = {
			isa = PBXNativeTarget;
			buildConfigurationList = 611EC67A281C1CF100BEE99C /* Build configuration list for PBXNativeTarget "Where'sMyMoney" */;
			buildPhases = (
				1519F39B2C8039BB269B2AF1 /* [CP] Check Pods Manifest.lock */,
				611EC662281C1CEF00BEE99C /* Sources */,
				611EC663281C1CEF00BEE99C /* Frameworks */,
				611EC664281C1CEF00BEE99C /* Resources */,
				9E49E19C94EED436F802A240 /* [CP] Embed Pods Frameworks */,
			);
			buildRules = (
			);
			dependencies = (
			);
			name = "Where'sMyMoney";
			productName = "Where'sMyMoney";
			productReference = 611EC666281C1CEF00BEE99C /* Where'sMyMoney.app */;
			productType = "com.apple.product-type.application";
		};
/* End PBXNativeTarget section */

/* Begin PBXProject section */
		611EC65E281C1CEF00BEE99C /* Project object */ = {
			isa = PBXProject;
			attributes = {
				BuildIndependentTargetsInParallel = 1;
				LastSwiftUpdateCheck = 1330;
				LastUpgradeCheck = 1330;
				TargetAttributes = {
					611EC665281C1CEF00BEE99C = {
						CreatedOnToolsVersion = 13.3.1;
					};
				};
			};
			buildConfigurationList = 611EC661281C1CEF00BEE99C /* Build configuration list for PBXProject "Where'sMyMoney" */;
			compatibilityVersion = "Xcode 13.0";
			developmentRegion = en;
			hasScannedForEncodings = 0;
			knownRegions = (
				en,
				Base,
			);
			mainGroup = 611EC65D281C1CEF00BEE99C;
			productRefGroup = 611EC667281C1CEF00BEE99C /* Products */;
			projectDirPath = "";
			projectRoot = "";
			targets = (
				611EC665281C1CEF00BEE99C /* Where'sMyMoney */,
			);
		};
/* End PBXProject section */

/* Begin PBXResourcesBuildPhase section */
		611EC664281C1CEF00BEE99C /* Resources */ = {
			isa = PBXResourcesBuildPhase;
			buildActionMask = 2147483647;
			files = (
				611EC676281C1CF100BEE99C /* LaunchScreen.storyboard in Resources */,
				611EC673281C1CF100BEE99C /* Assets.xcassets in Resources */,
				611EC671281C1CEF00BEE99C /* Main.storyboard in Resources */,
			);
			runOnlyForDeploymentPostprocessing = 0;
		};
/* End PBXResourcesBuildPhase section */

/* Begin PBXShellScriptBuildPhase section */
		1519F39B2C8039BB269B2AF1 /* [CP] Check Pods Manifest.lock */ = {
			isa = PBXShellScriptBuildPhase;
			buildActionMask = 2147483647;
			files = (
			);
			inputFileListPaths = (
			);
			inputPaths = (
				"${PODS_PODFILE_DIR_PATH}/Podfile.lock",
				"${PODS_ROOT}/Manifest.lock",
			);
			name = "[CP] Check Pods Manifest.lock";
			outputFileListPaths = (
			);
			outputPaths = (
				"$(DERIVED_FILE_DIR)/Pods-Where'sMyMoney-checkManifestLockResult.txt",
			);
			runOnlyForDeploymentPostprocessing = 0;
			shellPath = /bin/sh;
			shellScript = "diff \"${PODS_PODFILE_DIR_PATH}/Podfile.lock\" \"${PODS_ROOT}/Manifest.lock\" > /dev/null\nif [ $? != 0 ] ; then\n    # print error to STDERR\n    echo \"error: The sandbox is not in sync with the Podfile.lock. Run 'pod install' or update your CocoaPods installation.\" >&2\n    exit 1\nfi\n# This output is used by Xcode 'outputs' to avoid re-running this script phase.\necho \"SUCCESS\" > \"${SCRIPT_OUTPUT_FILE_0}\"\n";
			showEnvVarsInLog = 0;
		};
		9E49E19C94EED436F802A240 /* [CP] Embed Pods Frameworks */ = {
			isa = PBXShellScriptBuildPhase;
			buildActionMask = 2147483647;
			files = (
			);
			inputFileListPaths = (
				"${PODS_ROOT}/Target Support Files/Pods-Where'sMyMoney/Pods-Where'sMyMoney-frameworks-${CONFIGURATION}-input-files.xcfilelist",
			);
			name = "[CP] Embed Pods Frameworks";
			outputFileListPaths = (
				"${PODS_ROOT}/Target Support Files/Pods-Where'sMyMoney/Pods-Where'sMyMoney-frameworks-${CONFIGURATION}-output-files.xcfilelist",
			);
			runOnlyForDeploymentPostprocessing = 0;
			shellPath = /bin/sh;
			shellScript = "\"${PODS_ROOT}/Target Support Files/Pods-Where'sMyMoney/Pods-Where'sMyMoney-frameworks.sh\"\n";
			showEnvVarsInLog = 0;
		};
/* End PBXShellScriptBuildPhase section */

/* Begin PBXSourcesBuildPhase section */
		611EC662281C1CEF00BEE99C /* Sources */ = {
			isa = PBXSourcesBuildPhase;
			buildActionMask = 2147483647;
			files = (
				611EC66E281C1CEF00BEE99C /* ViewController.swift in Sources */,
				611EC66A281C1CEF00BEE99C /* AppDelegate.swift in Sources */,
				611EC66C281C1CEF00BEE99C /* SceneDelegate.swift in Sources */,
			);
			runOnlyForDeploymentPostprocessing = 0;
		};
/* End PBXSourcesBuildPhase section */

/* Begin PBXVariantGroup section */
		611EC66F281C1CEF00BEE99C /* Main.storyboard */ = {
			isa = PBXVariantGroup;
			children = (
				611EC670281C1CEF00BEE99C /* Base */,
			);
			name = Main.storyboard;
			sourceTree = "<group>";
		};
		611EC674281C1CF100BEE99C /* LaunchScreen.storyboard */ = {
			isa = PBXVariantGroup;
			children = (
				611EC675281C1CF100BEE99C /* Base */,
			);
			name = LaunchScreen.storyboard;
			sourceTree = "<group>";
		};
/* End PBXVariantGroup section */

/* Begin XCBuildConfiguration section */
		611EC678281C1CF100BEE99C /* Debug */ = {
			isa = XCBuildConfiguration;
			buildSettings = {
				ALWAYS_SEARCH_USER_PATHS = NO;
				CLANG_ANALYZER_NONNULL = YES;
				CLANG_ANALYZER_NUMBER_OBJECT_CONVERSION = YES_AGGRESSIVE;
				CLANG_CXX_LANGUAGE_STANDARD = "gnu++17";
				CLANG_ENABLE_MODULES = YES;
				CLANG_ENABLE_OBJC_ARC = YES;
				CLANG_ENABLE_OBJC_WEAK = YES;
				CLANG_WARN_BLOCK_CAPTURE_AUTORELEASING = YES;
				CLANG_WARN_BOOL_CONVERSION = YES;
				CLANG_WARN_COMMA = YES;
				CLANG_WARN_CONSTANT_CONVERSION = YES;
				CLANG_WARN_DEPRECATED_OBJC_IMPLEMENTATIONS = YES;
				CLANG_WARN_DIRECT_OBJC_ISA_USAGE = YES_ERROR;
				CLANG_WARN_DOCUMENTATION_COMMENTS = YES;
				CLANG_WARN_EMPTY_BODY = YES;
				CLANG_WARN_ENUM_CONVERSION = YES;
				CLANG_WARN_INFINITE_RECURSION = YES;
				CLANG_WARN_INT_CONVERSION = YES;
				CLANG_WARN_NON_LITERAL_NULL_CONVERSION = YES;
				CLANG_WARN_OBJC_IMPLICIT_RETAIN_SELF = YES;
				CLANG_WARN_OBJC_LITERAL_CONVERSION = YES;
				CLANG_WARN_OBJC_ROOT_CLASS = YES_ERROR;
				CLANG_WARN_QUOTED_INCLUDE_IN_FRAMEWORK_HEADER = YES;
				CLANG_WARN_RANGE_LOOP_ANALYSIS = YES;
				CLANG_WARN_STRICT_PROTOTYPES = YES;
				CLANG_WARN_SUSPICIOUS_MOVE = YES;
				CLANG_WARN_UNGUARDED_AVAILABILITY = YES_AGGRESSIVE;
				CLANG_WARN_UNREACHABLE_CODE = YES;
				CLANG_WARN__DUPLICATE_METHOD_MATCH = YES;
				COPY_PHASE_STRIP = NO;
				DEBUG_INFORMATION_FORMAT = dwarf;
				ENABLE_STRICT_OBJC_MSGSEND = YES;
				ENABLE_TESTABILITY = YES;
				GCC_C_LANGUAGE_STANDARD = gnu11;
				GCC_DYNAMIC_NO_PIC = NO;
				GCC_NO_COMMON_BLOCKS = YES;
				GCC_OPTIMIZATION_LEVEL = 0;
				GCC_PREPROCESSOR_DEFINITIONS = (
					"DEBUG=1",
					"$(inherited)",
				);
				GCC_WARN_64_TO_32_BIT_CONVERSION = YES;
				GCC_WARN_ABOUT_RETURN_TYPE = YES_ERROR;
				GCC_WARN_UNDECLARED_SELECTOR = YES;
				GCC_WARN_UNINITIALIZED_AUTOS = YES_AGGRESSIVE;
				GCC_WARN_UNUSED_FUNCTION = YES;
				GCC_WARN_UNUSED_VARIABLE = YES;
				IPHONEOS_DEPLOYMENT_TARGET = 15.4;
				MTL_ENABLE_DEBUG_INFO = INCLUDE_SOURCE;
				MTL_FAST_MATH = YES;
				ONLY_ACTIVE_ARCH = YES;
				SDKROOT = iphoneos;
				SWIFT_ACTIVE_COMPILATION_CONDITIONS = DEBUG;
				SWIFT_OPTIMIZATION_LEVEL = "-Onone";
			};
			name = Debug;
		};
		611EC679281C1CF100BEE99C /* Release */ = {
			isa = XCBuildConfiguration;
			buildSettings = {
				ALWAYS_SEARCH_USER_PATHS = NO;
				CLANG_ANALYZER_NONNULL = YES;
				CLANG_ANALYZER_NUMBER_OBJECT_CONVERSION = YES_AGGRESSIVE;
				CLANG_CXX_LANGUAGE_STANDARD = "gnu++17";
				CLANG_ENABLE_MODULES = YES;
				CLANG_ENABLE_OBJC_ARC = YES;
				CLANG_ENABLE_OBJC_WEAK = YES;
				CLANG_WARN_BLOCK_CAPTURE_AUTORELEASING = YES;
				CLANG_WARN_BOOL_CONVERSION = YES;
				CLANG_WARN_COMMA = YES;
				CLANG_WARN_CONSTANT_CONVERSION = YES;
				CLANG_WARN_DEPRECATED_OBJC_IMPLEMENTATIONS = YES;
				CLANG_WARN_DIRECT_OBJC_ISA_USAGE = YES_ERROR;
				CLANG_WARN_DOCUMENTATION_COMMENTS = YES;
				CLANG_WARN_EMPTY_BODY = YES;
				CLANG_WARN_ENUM_CONVERSION = YES;
				CLANG_WARN_INFINITE_RECURSION = YES;
				CLANG_WARN_INT_CONVERSION = YES;
				CLANG_WARN_NON_LITERAL_NULL_CONVERSION = YES;
				CLANG_WARN_OBJC_IMPLICIT_RETAIN_SELF = YES;
				CLANG_WARN_OBJC_LITERAL_CONVERSION = YES;
				CLANG_WARN_OBJC_ROOT_CLASS = YES_ERROR;
				CLANG_WARN_QUOTED_INCLUDE_IN_FRAMEWORK_HEADER = YES;
				CLANG_WARN_RANGE_LOOP_ANALYSIS = YES;
				CLANG_WARN_STRICT_PROTOTYPES = YES;
				CLANG_WARN_SUSPICIOUS_MOVE = YES;
				CLANG_WARN_UNGUARDED_AVAILABILITY = YES_AGGRESSIVE;
				CLANG_WARN_UNREACHABLE_CODE = YES;
				CLANG_WARN__DUPLICATE_METHOD_MATCH = YES;
				COPY_PHASE_STRIP = NO;
				DEBUG_INFORMATION_FORMAT = "dwarf-with-dsym";
				ENABLE_NS_ASSERTIONS = NO;
				ENABLE_STRICT_OBJC_MSGSEND = YES;
				GCC_C_LANGUAGE_STANDARD = gnu11;
				GCC_NO_COMMON_BLOCKS = YES;
				GCC_WARN_64_TO_32_BIT_CONVERSION = YES;
				GCC_WARN_ABOUT_RETURN_TYPE = YES_ERROR;
				GCC_WARN_UNDECLARED_SELECTOR = YES;
				GCC_WARN_UNINITIALIZED_AUTOS = YES_AGGRESSIVE;
				GCC_WARN_UNUSED_FUNCTION = YES;
				GCC_WARN_UNUSED_VARIABLE = YES;
				IPHONEOS_DEPLOYMENT_TARGET = 15.4;
				MTL_ENABLE_DEBUG_INFO = NO;
				MTL_FAST_MATH = YES;
				SDKROOT = iphoneos;
				SWIFT_COMPILATION_MODE = wholemodule;
				SWIFT_OPTIMIZATION_LEVEL = "-O";
				VALIDATE_PRODUCT = YES;
			};
			name = Release;
		};
		611EC67B281C1CF100BEE99C /* Debug */ = {
			isa = XCBuildConfiguration;
			baseConfigurationReference = 2CE717E851D4232EA9001173 /* Pods-Where'sMyMoney.debug.xcconfig */;
			buildSettings = {
				ASSETCATALOG_COMPILER_APPICON_NAME = AppIcon;
				ASSETCATALOG_COMPILER_GLOBAL_ACCENT_COLOR_NAME = AccentColor;
				CODE_SIGN_STYLE = Automatic;
				CURRENT_PROJECT_VERSION = 1;
				DEVELOPMENT_TEAM = 9J3LF929MJ;
				GENERATE_INFOPLIST_FILE = YES;
				INFOPLIST_FILE = "Where'sMyMoney/Info.plist";
				INFOPLIST_KEY_UIApplicationSupportsIndirectInputEvents = YES;
				INFOPLIST_KEY_UILaunchStoryboardName = LaunchScreen;
				INFOPLIST_KEY_UIMainStoryboardFile = Main;
				INFOPLIST_KEY_UISupportedInterfaceOrientations_iPad = "UIInterfaceOrientationPortrait UIInterfaceOrientationPortraitUpsideDown UIInterfaceOrientationLandscapeLeft UIInterfaceOrientationLandscapeRight";
				INFOPLIST_KEY_UISupportedInterfaceOrientations_iPhone = "UIInterfaceOrientationPortrait UIInterfaceOrientationLandscapeLeft UIInterfaceOrientationLandscapeRight";
				LD_RUNPATH_SEARCH_PATHS = (
					"$(inherited)",
					"@executable_path/Frameworks",
				);
				MARKETING_VERSION = 1.0;
				PRODUCT_BUNDLE_IDENTIFIER = "ru.kfkf.Where-sMyMoney";
				PRODUCT_NAME = "$(TARGET_NAME)";
				SWIFT_EMIT_LOC_STRINGS = YES;
				SWIFT_VERSION = 5.0;
				TARGETED_DEVICE_FAMILY = "1,2";
			};
			name = Debug;
		};
		611EC67C281C1CF100BEE99C /* Release */ = {
			isa = XCBuildConfiguration;
			baseConfigurationReference = 96F9CD64FCDBFBF8D7536EC3 /* Pods-Where'sMyMoney.release.xcconfig */;
			buildSettings = {
				ASSETCATALOG_COMPILER_APPICON_NAME = AppIcon;
				ASSETCATALOG_COMPILER_GLOBAL_ACCENT_COLOR_NAME = AccentColor;
				CODE_SIGN_STYLE = Automatic;
				CURRENT_PROJECT_VERSION = 1;
				DEVELOPMENT_TEAM = 9J3LF929MJ;
				GENERATE_INFOPLIST_FILE = YES;
				INFOPLIST_FILE = "Where'sMyMoney/Info.plist";
				INFOPLIST_KEY_UIApplicationSupportsIndirectInputEvents = YES;
				INFOPLIST_KEY_UILaunchStoryboardName = LaunchScreen;
				INFOPLIST_KEY_UIMainStoryboardFile = Main;
				INFOPLIST_KEY_UISupportedInterfaceOrientations_iPad = "UIInterfaceOrientationPortrait UIInterfaceOrientationPortraitUpsideDown UIInterfaceOrientationLandscapeLeft UIInterfaceOrientationLandscapeRight";
				INFOPLIST_KEY_UISupportedInterfaceOrientations_iPhone = "UIInterfaceOrientationPortrait UIInterfaceOrientationLandscapeLeft UIInterfaceOrientationLandscapeRight";
				LD_RUNPATH_SEARCH_PATHS = (
					"$(inherited)",
					"@executable_path/Frameworks",
				);
				MARKETING_VERSION = 1.0;
				PRODUCT_BUNDLE_IDENTIFIER = "ru.kfkf.Where-sMyMoney";
				PRODUCT_NAME = "$(TARGET_NAME)";
				SWIFT_EMIT_LOC_STRINGS = YES;
				SWIFT_VERSION = 5.0;
				TARGETED_DEVICE_FAMILY = "1,2";
			};
			name = Release;
		};
/* End XCBuildConfiguration section */

/* Begin XCConfigurationList section */
		611EC661281C1CEF00BEE99C /* Build configuration list for PBXProject "Where'sMyMoney" */ = {
			isa = XCConfigurationList;
			buildConfigurations = (
				611EC678281C1CF100BEE99C /* Debug */,
				611EC679281C1CF100BEE99C /* Release */,
			);
			defaultConfigurationIsVisible = 0;
			defaultConfigurationName = Release;
		};
		611EC67A281C1CF100BEE99C /* Build configuration list for PBXNativeTarget "Where'sMyMoney" */ = {
			isa = XCConfigurationList;
			buildConfigurations = (
				611EC67B281C1CF100BEE99C /* Debug */,
				611EC67C281C1CF100BEE99C /* Release */,
			);
			defaultConfigurationIsVisible = 0;
			defaultConfigurationName = Release;
		};
/* End XCConfigurationList section */
	};
	rootObject = 611EC65E281C1CEF00BEE99C /* Project object */;
}
